
Microsoft Visual Studio Solution File, Format Version 12.00
# Visual Studio Version 17
VisualStudioVersion = 17.11.35208.52
MinimumVisualStudioVersion = 10.0.40219.1
Project("{FAE04EC0-301F-11D3-BF4B-00C04F79EFBC}") = "DoctoralManagement", "DoctoralManagement\DoctoralManagement.csproj", "{EA4A4266-FB1F-4EC9-BD0F-5094ADFB06A7}"
EndProject
Global
	GlobalSection(SolutionConfigurationPlatforms) = preSolution
		Debug|Any CPU = Debug|Any CPU
		Release|Any CPU = Release|Any CPU
	EndGlobalSection
	GlobalSection(ProjectConfigurationPlatforms) = postSolution
		{EA4A4266-FB1F-4EC9-BD0F-5094ADFB06A7}.Debug|Any CPU.ActiveCfg = Debug|Any CPU
		{EA4A4266-FB1F-4EC9-BD0F-5094ADFB06A7}.Debug|Any CPU.Build.0 = Debug|Any CPU
		{EA4A4266-FB1F-4EC9-BD0F-5094ADFB06A7}.Release|Any CPU.ActiveCfg = Release|Any CPU
		{EA4A4266-FB1F-4EC9-BD0F-5094ADFB06A7}.Release|Any CPU.Build.0 = Release|Any CPU
	EndGlobalSection
	GlobalSection(SolutionProperties) = preSolution
		HideSolutionNode = FALSE
	EndGlobalSection
	GlobalSection(ExtensibilityGlobals) = postSolution
		SolutionGuid = {E820B87E-96BC-4208-A178-E1249B7BF6CF}
	EndGlobalSection
EndGlobal
